
Microsoft Visual Studio Solution File, Format Version 12.00
# Visual Studio Version 17
VisualStudioVersion = 17.2.32630.192
MinimumVisualStudioVersion = 10.0.40219.1
Project("{FAE04EC0-301F-11D3-BF4B-00C04F79EFBC}") = "Lab1_PersonalWebsite", "Lab1_PersonalWebsite\Lab1_PersonalWebsite.csproj", "{DE10E2C5-4E83-4D28-93DF-CBBE9D0828A8}"
EndProject
Global
	GlobalSection(SolutionConfigurationPlatforms) = preSolution
		Debug|Any CPU = Debug|Any CPU
		Release|Any CPU = Release|Any CPU
	EndGlobalSection
	GlobalSection(ProjectConfigurationPlatforms) = postSolution
		{DE10E2C5-4E83-4D28-93DF-CBBE9D0828A8}.Debug|Any CPU.ActiveCfg = Debug|Any CPU
		{DE10E2C5-4E83-4D28-93DF-CBBE9D0828A8}.Debug|Any CPU.Build.0 = Debug|Any CPU
		{DE10E2C5-4E83-4D28-93DF-CBBE9D0828A8}.Release|Any CPU.ActiveCfg = Release|Any CPU
		{DE10E2C5-4E83-4D28-93DF-CBBE9D0828A8}.Release|Any CPU.Build.0 = Release|Any CPU
	EndGlobalSection
	GlobalSection(SolutionProperties) = preSolution
		HideSolutionNode = FALSE
	EndGlobalSection
	GlobalSection(ExtensibilityGlobals) = postSolution
		SolutionGuid = {49FD00DC-2823-4AFA-8DAD-E1E2EFD89CE9}
	EndGlobalSection
EndGlobal
